
Microsoft Visual Studio Solution File, Format Version 12.00
# Visual Studio Version 17
VisualStudioVersion = 17.13.35828.75 d17.13
MinimumVisualStudioVersion = 10.0.40219.1
Project("{FAE04EC0-301F-11D3-BF4B-00C04F79EFBC}") = "BirthDayDaemon", "BirthDayDaemon\BirthDayDaemon.csproj", "{0ECE3C0B-8DAF-4D29-93E5-E51124E6B05F}"
EndProject
Project("{FAE04EC0-301F-11D3-BF4B-00C04F79EFBC}") = "Core", "Core\Core.csproj", "{BB245C0C-D65E-4650-B327-242B994C9C06}"
EndProject
Global
	GlobalSection(SolutionConfigurationPlatforms) = preSolution
		Debug|Any CPU = Debug|Any CPU
		Release|Any CPU = Release|Any CPU
	EndGlobalSection
	GlobalSection(ProjectConfigurationPlatforms) = postSolution
		{0ECE3C0B-8DAF-4D29-93E5-E51124E6B05F}.Debug|Any CPU.ActiveCfg = Debug|Any CPU
		{0ECE3C0B-8DAF-4D29-93E5-E51124E6B05F}.Debug|Any CPU.Build.0 = Debug|Any CPU
		{0ECE3C0B-8DAF-4D29-93E5-E51124E6B05F}.Release|Any CPU.ActiveCfg = Release|Any CPU
		{0ECE3C0B-8DAF-4D29-93E5-E51124E6B05F}.Release|Any CPU.Build.0 = Release|Any CPU
		{BB245C0C-D65E-4650-B327-242B994C9C06}.Debug|Any CPU.ActiveCfg = Debug|Any CPU
		{BB245C0C-D65E-4650-B327-242B994C9C06}.Debug|Any CPU.Build.0 = Debug|Any CPU
		{BB245C0C-D65E-4650-B327-242B994C9C06}.Release|Any CPU.ActiveCfg = Release|Any CPU
		{BB245C0C-D65E-4650-B327-242B994C9C06}.Release|Any CPU.Build.0 = Release|Any CPU
	EndGlobalSection
	GlobalSection(SolutionProperties) = preSolution
		HideSolutionNode = FALSE
	EndGlobalSection
	GlobalSection(ExtensibilityGlobals) = postSolution
		SolutionGuid = {EE28B711-4F75-486E-B10E-769AA2146668}
	EndGlobalSection
EndGlobal
